
Microsoft Visual Studio Solution File, Format Version 12.00
# Visual Studio Version 16
VisualStudioVersion = 16.0.30011.22
MinimumVisualStudioVersion = 10.0.40219.1
Project("{FAE04EC0-301F-11D3-BF4B-00C04F79EFBC}") = "ClientApp.Android", "ClientApp\ClientApp.Android\ClientApp.Android.csproj", "{276360E8-13A8-448C-B427-7A98F8DE0E93}"
EndProject
Project("{FAE04EC0-301F-11D3-BF4B-00C04F79EFBC}") = "ClientApp.iOS", "ClientApp\ClientApp.iOS\ClientApp.iOS.csproj", "{C44C722B-5E86-4544-971A-C91EA869040B}"
EndProject
Project("{FAE04EC0-301F-11D3-BF4B-00C04F79EFBC}") = "ClientApp", "ClientApp\ClientApp\ClientApp.csproj", "{302F5143-C4D0-4E4D-B35B-604DACB0AEE5}"
EndProject
Global
	GlobalSection(SolutionConfigurationPlatforms) = preSolution
		Debug|Any CPU = Debug|Any CPU
		Debug|iPhone = Debug|iPhone
		Debug|iPhoneSimulator = Debug|iPhoneSimulator
		Release|Any CPU = Release|Any CPU
		Release|iPhone = Release|iPhone
		Release|iPhoneSimulator = Release|iPhoneSimulator
	EndGlobalSection
	GlobalSection(ProjectConfigurationPlatforms) = postSolution
		{276360E8-13A8-448C-B427-7A98F8DE0E93}.Debug|Any CPU.ActiveCfg = Debug|Any CPU
		{276360E8-13A8-448C-B427-7A98F8DE0E93}.Debug|Any CPU.Build.0 = Debug|Any CPU
		{276360E8-13A8-448C-B427-7A98F8DE0E93}.Debug|Any CPU.Deploy.0 = Debug|Any CPU
		{276360E8-13A8-448C-B427-7A98F8DE0E93}.Debug|iPhone.ActiveCfg = Debug|Any CPU
		{276360E8-13A8-448C-B427-7A98F8DE0E93}.Debug|iPhone.Build.0 = Debug|Any CPU
		{276360E8-13A8-448C-B427-7A98F8DE0E93}.Debug|iPhone.Deploy.0 = Debug|Any CPU
		{276360E8-13A8-448C-B427-7A98F8DE0E93}.Debug|iPhoneSimulator.ActiveCfg = Debug|Any CPU
		{276360E8-13A8-448C-B427-7A98F8DE0E93}.Debug|iPhoneSimulator.Build.0 = Debug|Any CPU
		{276360E8-13A8-448C-B427-7A98F8DE0E93}.Debug|iPhoneSimulator.Deploy.0 = Debug|Any CPU
		{276360E8-13A8-448C-B427-7A98F8DE0E93}.Release|Any CPU.ActiveCfg = Release|Any CPU
		{276360E8-13A8-448C-B427-7A98F8DE0E93}.Release|Any CPU.Build.0 = Release|Any CPU
		{276360E8-13A8-448C-B427-7A98F8DE0E93}.Release|Any CPU.Deploy.0 = Release|Any CPU
		{276360E8-13A8-448C-B427-7A98F8DE0E93}.Release|iPhone.ActiveCfg = Release|Any CPU
		{276360E8-13A8-448C-B427-7A98F8DE0E93}.Release|iPhone.Build.0 = Release|Any CPU
		{276360E8-13A8-448C-B427-7A98F8DE0E93}.Release|iPhone.Deploy.0 = Release|Any CPU
		{276360E8-13A8-448C-B427-7A98F8DE0E93}.Release|iPhoneSimulator.ActiveCfg = Release|Any CPU
		{276360E8-13A8-448C-B427-7A98F8DE0E93}.Release|iPhoneSimulator.Build.0 = Release|Any CPU
		{276360E8-13A8-448C-B427-7A98F8DE0E93}.Release|iPhoneSimulator.Deploy.0 = Release|Any CPU
		{C44C722B-5E86-4544-971A-C91EA869040B}.Debug|Any CPU.ActiveCfg = Debug|iPhone
		{C44C722B-5E86-4544-971A-C91EA869040B}.Debug|Any CPU.Build.0 = Debug|iPhone
		{C44C722B-5E86-4544-971A-C91EA869040B}.Debug|Any CPU.Deploy.0 = Debug|iPhone
		{C44C722B-5E86-4544-971A-C91EA869040B}.Debug|iPhone.ActiveCfg = Debug|iPhone
		{C44C722B-5E86-4544-971A-C91EA869040B}.Debug|iPhone.Build.0 = Debug|iPhone
		{C44C722B-5E86-4544-971A-C91EA869040B}.Debug|iPhone.Deploy.0 = Debug|iPhone
		{C44C722B-5E86-4544-971A-C91EA869040B}.Debug|iPhoneSimulator.ActiveCfg = Debug|iPhoneSimulator
		{C44C722B-5E86-4544-971A-C91EA869040B}.Debug|iPhoneSimulator.Build.0 = Debug|iPhoneSimulator
		{C44C722B-5E86-4544-971A-C91EA869040B}.Debug|iPhoneSimulator.Deploy.0 = Debug|iPhoneSimulator
		{C44C722B-5E86-4544-971A-C91EA869040B}.Release|Any CPU.ActiveCfg = Release|iPhone
		{C44C722B-5E86-4544-971A-C91EA869040B}.Release|Any CPU.Build.0 = Release|iPhone
		{C44C722B-5E86-4544-971A-C91EA869040B}.Release|Any CPU.Deploy.0 = Release|iPhone
		{C44C722B-5E86-4544-971A-C91EA869040B}.Release|iPhone.ActiveCfg = Release|iPhone
		{C44C722B-5E86-4544-971A-C91EA869040B}.Release|iPhone.Build.0 = Release|iPhone
		{C44C722B-5E86-4544-971A-C91EA869040B}.Release|iPhone.Deploy.0 = Release|iPhone
		{C44C722B-5E86-4544-971A-C91EA869040B}.Release|iPhoneSimulator.ActiveCfg = Release|iPhoneSimulator
		{C44C722B-5E86-4544-971A-C91EA869040B}.Release|iPhoneSimulator.Build.0 = Release|iPhoneSimulator
		{C44C722B-5E86-4544-971A-C91EA869040B}.Release|iPhoneSimulator.Deploy.0 = Release|iPhoneSimulator
		{302F5143-C4D0-4E4D-B35B-604DACB0AEE5}.Debug|Any CPU.ActiveCfg = Debug|Any CPU
		{302F5143-C4D0-4E4D-B35B-604DACB0AEE5}.Debug|Any CPU.Build.0 = Debug|Any CPU
		{302F5143-C4D0-4E4D-B35B-604DACB0AEE5}.Debug|Any CPU.Deploy.0 = Debug|Any CPU
		{302F5143-C4D0-4E4D-B35B-604DACB0AEE5}.Debug|iPhone.ActiveCfg = Debug|Any CPU
		{302F5143-C4D0-4E4D-B35B-604DACB0AEE5}.Debug|iPhone.Build.0 = Debug|Any CPU
		{302F5143-C4D0-4E4D-B35B-604DACB0AEE5}.Debug|iPhone.Deploy.0 = Debug|Any CPU
		{302F5143-C4D0-4E4D-B35B-604DACB0AEE5}.Debug|iPhoneSimulator.ActiveCfg = Debug|Any CPU
		{302F5143-C4D0-4E4D-B35B-604DACB0AEE5}.Debug|iPhoneSimulator.Build.0 = Debug|Any CPU
		{302F5143-C4D0-4E4D-B35B-604DACB0AEE5}.Debug|iPhoneSimulator.Deploy.0 = Debug|Any CPU
		{302F5143-C4D0-4E4D-B35B-604DACB0AEE5}.Release|Any CPU.ActiveCfg = Release|Any CPU
		{302F5143-C4D0-4E4D-B35B-604DACB0AEE5}.Release|Any CPU.Build.0 = Release|Any CPU
		{302F5143-C4D0-4E4D-B35B-604DACB0AEE5}.Release|Any CPU.Deploy.0 = Release|Any CPU
		{302F5143-C4D0-4E4D-B35B-604DACB0AEE5}.Release|iPhone.ActiveCfg = Release|Any CPU
		{302F5143-C4D0-4E4D-B35B-604DACB0AEE5}.Release|iPhone.Build.0 = Release|Any CPU
		{302F5143-C4D0-4E4D-B35B-604DACB0AEE5}.Release|iPhone.Deploy.0 = Release|Any CPU
		{302F5143-C4D0-4E4D-B35B-604DACB0AEE5}.Release|iPhoneSimulator.ActiveCfg = Release|Any CPU
		{302F5143-C4D0-4E4D-B35B-604DACB0AEE5}.Release|iPhoneSimulator.Build.0 = Release|Any CPU
		{302F5143-C4D0-4E4D-B35B-604DACB0AEE5}.Release|iPhoneSimulator.Deploy.0 = Release|Any CPU
	EndGlobalSection
	GlobalSection(SolutionProperties) = preSolution
		HideSolutionNode = FALSE
	EndGlobalSection
	GlobalSection(ExtensibilityGlobals) = postSolution
		SolutionGuid = {D4A6415F-98E5-44BA-9C9D-874F832F81F4}
	EndGlobalSection
EndGlobal
