
Microsoft Visual Studio Solution File, Format Version 12.00
# Visual Studio 15
VisualStudioVersion = 15.0.28307.572
MinimumVisualStudioVersion = 10.0.40219.1
Project("{FAE04EC0-301F-11D3-BF4B-00C04F79EFBC}") = "NoNameApp", "NoNameApp\NoNameApp.csproj", "{8479D8C2-D5A2-4702-AD0E-6887C689DD66}"
EndProject
Global
	GlobalSection(SolutionConfigurationPlatforms) = preSolution
		Debug|Any CPU = Debug|Any CPU
		Release|Any CPU = Release|Any CPU
	EndGlobalSection
	GlobalSection(ProjectConfigurationPlatforms) = postSolution
		{8479D8C2-D5A2-4702-AD0E-6887C689DD66}.Debug|Any CPU.ActiveCfg = Debug|Any CPU
		{8479D8C2-D5A2-4702-AD0E-6887C689DD66}.Debug|Any CPU.Build.0 = Debug|Any CPU
		{8479D8C2-D5A2-4702-AD0E-6887C689DD66}.Release|Any CPU.ActiveCfg = Release|Any CPU
		{8479D8C2-D5A2-4702-AD0E-6887C689DD66}.Release|Any CPU.Build.0 = Release|Any CPU
	EndGlobalSection
	GlobalSection(SolutionProperties) = preSolution
		HideSolutionNode = FALSE
	EndGlobalSection
	GlobalSection(ExtensibilityGlobals) = postSolution
		SolutionGuid = {22ACC5C0-6952-4BB4-BB00-F0D7FD6EC715}
	EndGlobalSection
EndGlobal
