
Microsoft Visual Studio Solution File, Format Version 12.00
# Visual Studio Version 16
VisualStudioVersion = 16.0.30011.22
MinimumVisualStudioVersion = 10.0.40219.1
Project("{FAE04EC0-301F-11D3-BF4B-00C04F79EFBC}") = "NoName-Management.Android", "NoName-Management\NoName-Management.Android\NoName-Management.Android.csproj", "{D7156AE4-3114-4CD9-BCC5-2B53FEAF0703}"
EndProject
Project("{FAE04EC0-301F-11D3-BF4B-00C04F79EFBC}") = "NoName-Management.iOS", "NoName-Management\NoName-Management.iOS\NoName-Management.iOS.csproj", "{E4D56919-E717-4978-B012-9518D431D8B8}"
EndProject
Project("{FAE04EC0-301F-11D3-BF4B-00C04F79EFBC}") = "NoName-Management", "NoName-Management\NoName-Management\NoName-Management.csproj", "{8B74D153-27FE-4EE6-85EA-0ADA09C56A63}"
EndProject
Global
	GlobalSection(SolutionConfigurationPlatforms) = preSolution
		Debug|Any CPU = Debug|Any CPU
		Debug|iPhone = Debug|iPhone
		Debug|iPhoneSimulator = Debug|iPhoneSimulator
		Release|Any CPU = Release|Any CPU
		Release|iPhone = Release|iPhone
		Release|iPhoneSimulator = Release|iPhoneSimulator
	EndGlobalSection
	GlobalSection(ProjectConfigurationPlatforms) = postSolution
		{D7156AE4-3114-4CD9-BCC5-2B53FEAF0703}.Debug|Any CPU.ActiveCfg = Debug|Any CPU
		{D7156AE4-3114-4CD9-BCC5-2B53FEAF0703}.Debug|Any CPU.Build.0 = Debug|Any CPU
		{D7156AE4-3114-4CD9-BCC5-2B53FEAF0703}.Debug|Any CPU.Deploy.0 = Debug|Any CPU
		{D7156AE4-3114-4CD9-BCC5-2B53FEAF0703}.Debug|iPhone.ActiveCfg = Debug|Any CPU
		{D7156AE4-3114-4CD9-BCC5-2B53FEAF0703}.Debug|iPhone.Build.0 = Debug|Any CPU
		{D7156AE4-3114-4CD9-BCC5-2B53FEAF0703}.Debug|iPhone.Deploy.0 = Debug|Any CPU
		{D7156AE4-3114-4CD9-BCC5-2B53FEAF0703}.Debug|iPhoneSimulator.ActiveCfg = Debug|Any CPU
		{D7156AE4-3114-4CD9-BCC5-2B53FEAF0703}.Debug|iPhoneSimulator.Build.0 = Debug|Any CPU
		{D7156AE4-3114-4CD9-BCC5-2B53FEAF0703}.Debug|iPhoneSimulator.Deploy.0 = Debug|Any CPU
		{D7156AE4-3114-4CD9-BCC5-2B53FEAF0703}.Release|Any CPU.ActiveCfg = Release|Any CPU
		{D7156AE4-3114-4CD9-BCC5-2B53FEAF0703}.Release|Any CPU.Build.0 = Release|Any CPU
		{D7156AE4-3114-4CD9-BCC5-2B53FEAF0703}.Release|Any CPU.Deploy.0 = Release|Any CPU
		{D7156AE4-3114-4CD9-BCC5-2B53FEAF0703}.Release|iPhone.ActiveCfg = Release|Any CPU
		{D7156AE4-3114-4CD9-BCC5-2B53FEAF0703}.Release|iPhone.Build.0 = Release|Any CPU
		{D7156AE4-3114-4CD9-BCC5-2B53FEAF0703}.Release|iPhone.Deploy.0 = Release|Any CPU
		{D7156AE4-3114-4CD9-BCC5-2B53FEAF0703}.Release|iPhoneSimulator.ActiveCfg = Release|Any CPU
		{D7156AE4-3114-4CD9-BCC5-2B53FEAF0703}.Release|iPhoneSimulator.Build.0 = Release|Any CPU
		{D7156AE4-3114-4CD9-BCC5-2B53FEAF0703}.Release|iPhoneSimulator.Deploy.0 = Release|Any CPU
		{E4D56919-E717-4978-B012-9518D431D8B8}.Debug|Any CPU.ActiveCfg = Debug|iPhone
		{E4D56919-E717-4978-B012-9518D431D8B8}.Debug|Any CPU.Build.0 = Debug|iPhone
		{E4D56919-E717-4978-B012-9518D431D8B8}.Debug|Any CPU.Deploy.0 = Debug|iPhone
		{E4D56919-E717-4978-B012-9518D431D8B8}.Debug|iPhone.ActiveCfg = Debug|iPhone
		{E4D56919-E717-4978-B012-9518D431D8B8}.Debug|iPhone.Build.0 = Debug|iPhone
		{E4D56919-E717-4978-B012-9518D431D8B8}.Debug|iPhone.Deploy.0 = Debug|iPhone
		{E4D56919-E717-4978-B012-9518D431D8B8}.Debug|iPhoneSimulator.ActiveCfg = Debug|iPhoneSimulator
		{E4D56919-E717-4978-B012-9518D431D8B8}.Debug|iPhoneSimulator.Build.0 = Debug|iPhoneSimulator
		{E4D56919-E717-4978-B012-9518D431D8B8}.Debug|iPhoneSimulator.Deploy.0 = Debug|iPhoneSimulator
		{E4D56919-E717-4978-B012-9518D431D8B8}.Release|Any CPU.ActiveCfg = Release|iPhone
		{E4D56919-E717-4978-B012-9518D431D8B8}.Release|Any CPU.Build.0 = Release|iPhone
		{E4D56919-E717-4978-B012-9518D431D8B8}.Release|Any CPU.Deploy.0 = Release|iPhone
		{E4D56919-E717-4978-B012-9518D431D8B8}.Release|iPhone.ActiveCfg = Release|iPhone
		{E4D56919-E717-4978-B012-9518D431D8B8}.Release|iPhone.Build.0 = Release|iPhone
		{E4D56919-E717-4978-B012-9518D431D8B8}.Release|iPhone.Deploy.0 = Release|iPhone
		{E4D56919-E717-4978-B012-9518D431D8B8}.Release|iPhoneSimulator.ActiveCfg = Release|iPhoneSimulator
		{E4D56919-E717-4978-B012-9518D431D8B8}.Release|iPhoneSimulator.Build.0 = Release|iPhoneSimulator
		{E4D56919-E717-4978-B012-9518D431D8B8}.Release|iPhoneSimulator.Deploy.0 = Release|iPhoneSimulator
		{8B74D153-27FE-4EE6-85EA-0ADA09C56A63}.Debug|Any CPU.ActiveCfg = Debug|Any CPU
		{8B74D153-27FE-4EE6-85EA-0ADA09C56A63}.Debug|Any CPU.Build.0 = Debug|Any CPU
		{8B74D153-27FE-4EE6-85EA-0ADA09C56A63}.Debug|Any CPU.Deploy.0 = Debug|Any CPU
		{8B74D153-27FE-4EE6-85EA-0ADA09C56A63}.Debug|iPhone.ActiveCfg = Debug|Any CPU
		{8B74D153-27FE-4EE6-85EA-0ADA09C56A63}.Debug|iPhone.Build.0 = Debug|Any CPU
		{8B74D153-27FE-4EE6-85EA-0ADA09C56A63}.Debug|iPhone.Deploy.0 = Debug|Any CPU
		{8B74D153-27FE-4EE6-85EA-0ADA09C56A63}.Debug|iPhoneSimulator.ActiveCfg = Debug|Any CPU
		{8B74D153-27FE-4EE6-85EA-0ADA09C56A63}.Debug|iPhoneSimulator.Build.0 = Debug|Any CPU
		{8B74D153-27FE-4EE6-85EA-0ADA09C56A63}.Debug|iPhoneSimulator.Deploy.0 = Debug|Any CPU
		{8B74D153-27FE-4EE6-85EA-0ADA09C56A63}.Release|Any CPU.ActiveCfg = Release|Any CPU
		{8B74D153-27FE-4EE6-85EA-0ADA09C56A63}.Release|Any CPU.Build.0 = Release|Any CPU
		{8B74D153-27FE-4EE6-85EA-0ADA09C56A63}.Release|Any CPU.Deploy.0 = Release|Any CPU
		{8B74D153-27FE-4EE6-85EA-0ADA09C56A63}.Release|iPhone.ActiveCfg = Release|Any CPU
		{8B74D153-27FE-4EE6-85EA-0ADA09C56A63}.Release|iPhone.Build.0 = Release|Any CPU
		{8B74D153-27FE-4EE6-85EA-0ADA09C56A63}.Release|iPhone.Deploy.0 = Release|Any CPU
		{8B74D153-27FE-4EE6-85EA-0ADA09C56A63}.Release|iPhoneSimulator.ActiveCfg = Release|Any CPU
		{8B74D153-27FE-4EE6-85EA-0ADA09C56A63}.Release|iPhoneSimulator.Build.0 = Release|Any CPU
		{8B74D153-27FE-4EE6-85EA-0ADA09C56A63}.Release|iPhoneSimulator.Deploy.0 = Release|Any CPU
	EndGlobalSection
	GlobalSection(SolutionProperties) = preSolution
		HideSolutionNode = FALSE
	EndGlobalSection
	GlobalSection(ExtensibilityGlobals) = postSolution
		SolutionGuid = {3FAB44BF-9470-426D-8E19-DD3B6D18E8D3}
	EndGlobalSection
EndGlobal
